
Microsoft Visual Studio Solution File, Format Version 12.00
# Visual Studio Version 17
VisualStudioVersion = 17.14.36327.8 d17.14
MinimumVisualStudioVersion = 10.0.40219.1
Project("{FAE04EC0-301F-11D3-BF4B-00C04F79EFBC}") = "ProjectLens", "ProjectLens.csproj", "{DB549FED-A6D0-4108-8277-595D982C35A0}"
EndProject
Global
	GlobalSection(SolutionConfigurationPlatforms) = preSolution
		Debug|Any CPU = Debug|Any CPU
		Release|Any CPU = Release|Any CPU
	EndGlobalSection
	GlobalSection(ProjectConfigurationPlatforms) = postSolution
		{DB549FED-A6D0-4108-8277-595D982C35A0}.Debug|Any CPU.ActiveCfg = Debug|Any CPU
		{DB549FED-A6D0-4108-8277-595D982C35A0}.Debug|Any CPU.Build.0 = Debug|Any CPU
		{DB549FED-A6D0-4108-8277-595D982C35A0}.Release|Any CPU.ActiveCfg = Release|Any CPU
		{DB549FED-A6D0-4108-8277-595D982C35A0}.Release|Any CPU.Build.0 = Release|Any CPU
	EndGlobalSection
	GlobalSection(SolutionProperties) = preSolution
		HideSolutionNode = FALSE
	EndGlobalSection
	GlobalSection(ExtensibilityGlobals) = postSolution
		SolutionGuid = {867D077F-2026-4EE7-B6E2-03655B3169F8}
	EndGlobalSection
EndGlobal
